
Microsoft Visual Studio Solution File, Format Version 12.00
# Visual Studio Version 17
VisualStudioVersion = 17.9.34902.65
MinimumVisualStudioVersion = 10.0.40219.1
Project("{FAE04EC0-301F-11D3-BF4B-00C04F79EFBC}") = "ST10198206_CLDV6211_POEPartTwo", "ST10198206_CLDV6211_POEPartTwo\ST10198206_CLDV6211_POEPartTwo.csproj", "{F786F7B9-B504-4218-ABE8-E131E1DDEF11}"
EndProject
Global
	GlobalSection(SolutionConfigurationPlatforms) = preSolution
		Debug|Any CPU = Debug|Any CPU
		Release|Any CPU = Release|Any CPU
	EndGlobalSection
	GlobalSection(ProjectConfigurationPlatforms) = postSolution
		{F786F7B9-B504-4218-ABE8-E131E1DDEF11}.Debug|Any CPU.ActiveCfg = Debug|Any CPU
		{F786F7B9-B504-4218-ABE8-E131E1DDEF11}.Debug|Any CPU.Build.0 = Debug|Any CPU
		{F786F7B9-B504-4218-ABE8-E131E1DDEF11}.Release|Any CPU.ActiveCfg = Release|Any CPU
		{F786F7B9-B504-4218-ABE8-E131E1DDEF11}.Release|Any CPU.Build.0 = Release|Any CPU
	EndGlobalSection
	GlobalSection(SolutionProperties) = preSolution
		HideSolutionNode = FALSE
	EndGlobalSection
	GlobalSection(ExtensibilityGlobals) = postSolution
		SolutionGuid = {A5C02DF1-0F18-4791-AACA-D97A1917BE55}
	EndGlobalSection
EndGlobal
